
Microsoft Visual Studio Solution File, Format Version 12.00
# Visual Studio Version 17
VisualStudioVersion = 17.0.31612.314
MinimumVisualStudioVersion = 10.0.40219.1
Project("{9A19103F-16F7-4668-BE54-9A1E7A4F7556}") = "PlannerApp", "PlannerApp\PlannerApp.csproj", "{92DD6F96-DCFD-44EA-B547-742943576489}"
EndProject
Project("{9A19103F-16F7-4668-BE54-9A1E7A4F7556}") = "PlannerApp.Shared", "..\PlannerApp.Shared\PlannerApp.Shared.csproj", "{09985D74-9EEF-4A84-928A-F90082F8EC3B}"
EndProject
Global
	GlobalSection(SolutionConfigurationPlatforms) = preSolution
		Debug|Any CPU = Debug|Any CPU
		Release|Any CPU = Release|Any CPU
	EndGlobalSection
	GlobalSection(ProjectConfigurationPlatforms) = postSolution
		{92DD6F96-DCFD-44EA-B547-742943576489}.Debug|Any CPU.ActiveCfg = Debug|Any CPU
		{92DD6F96-DCFD-44EA-B547-742943576489}.Debug|Any CPU.Build.0 = Debug|Any CPU
		{92DD6F96-DCFD-44EA-B547-742943576489}.Release|Any CPU.ActiveCfg = Release|Any CPU
		{92DD6F96-DCFD-44EA-B547-742943576489}.Release|Any CPU.Build.0 = Release|Any CPU
		{09985D74-9EEF-4A84-928A-F90082F8EC3B}.Debug|Any CPU.ActiveCfg = Debug|Any CPU
		{09985D74-9EEF-4A84-928A-F90082F8EC3B}.Debug|Any CPU.Build.0 = Debug|Any CPU
		{09985D74-9EEF-4A84-928A-F90082F8EC3B}.Release|Any CPU.ActiveCfg = Release|Any CPU
		{09985D74-9EEF-4A84-928A-F90082F8EC3B}.Release|Any CPU.Build.0 = Release|Any CPU
	EndGlobalSection
	GlobalSection(SolutionProperties) = preSolution
		HideSolutionNode = FALSE
	EndGlobalSection
	GlobalSection(ExtensibilityGlobals) = postSolution
		SolutionGuid = {230CCBA0-2E47-41F6-A691-E402CA2AEE89}
	EndGlobalSection
EndGlobal
